// !$*UTF8*$!
{
	archiveVersion = 1;
	classes = {
	};
	objectVersion = 56;
	objects = {

/* Begin PBXBuildFile section */
		C15BF14729B1017300F47375 /* MonsterDetailViewModel.swift in Sources */ = {isa = PBXBuildFile; fileRef = C15BF14629B1017300F47375 /* MonsterDetailViewModel.swift */; };
		C15BF14929B1018100F47375 /* MonsterDetailUiState.swift in Sources */ = {isa = PBXBuildFile; fileRef = C15BF14829B1018100F47375 /* MonsterDetailUiState.swift */; };
		C15BF14C29B1019C00F47375 /* MonsterDetailScreenView.swift in Sources */ = {isa = PBXBuildFile; fileRef = C15BF14B29B1019C00F47375 /* MonsterDetailScreenView.swift */; };
		C15BF15229B1140500F47375 /* MonsterDetailItemUiState.swift in Sources */ = {isa = PBXBuildFile; fileRef = C15BF15129B1140500F47375 /* MonsterDetailItemUiState.swift */; };
		C15BF15429B118D800F47375 /* MonsterDetailView.swift in Sources */ = {isa = PBXBuildFile; fileRef = C15BF15329B118D800F47375 /* MonsterDetailView.swift */; };
		C15BF15629B3945800F47375 /* ScreenHeaderView.swift in Sources */ = {isa = PBXBuildFile; fileRef = C15BF15529B3945800F47375 /* ScreenHeaderView.swift */; };
		C15BF15829B395CE00F47375 /* AppBarIconView.swift in Sources */ = {isa = PBXBuildFile; fileRef = C15BF15729B395CE00F47375 /* AppBarIconView.swift */; };
		C15BF15A29B3976B00F47375 /* MonsterTitleView.swift in Sources */ = {isa = PBXBuildFile; fileRef = C15BF15929B3976B00F47375 /* MonsterTitleView.swift */; };
		C19D519129B90B0E00712CD2 /* TableContentPopup.swift in Sources */ = {isa = PBXBuildFile; fileRef = C19D519029B90B0E00712CD2 /* TableContentPopup.swift */; };
		C19D519329B90C1200712CD2 /* TableContentView.swift in Sources */ = {isa = PBXBuildFile; fileRef = C19D519229B90C1200712CD2 /* TableContentView.swift */; };
		C1BC0E8329847A84002F517C /* MonsterCompendiumApp.swift in Sources */ = {isa = PBXBuildFile; fileRef = C1BC0E8229847A84002F517C /* MonsterCompendiumApp.swift */; };
		C1BC0E8729847A85002F517C /* Assets.xcassets in Resources */ = {isa = PBXBuildFile; fileRef = C1BC0E8629847A85002F517C /* Assets.xcassets */; };
		C1BC0E8A29847A85002F517C /* Preview Assets.xcassets in Resources */ = {isa = PBXBuildFile; fileRef = C1BC0E8929847A85002F517C /* Preview Assets.xcassets */; };
		C1BC0E9429847A85002F517C /* MonsterCompendiumTests.swift in Sources */ = {isa = PBXBuildFile; fileRef = C1BC0E9329847A85002F517C /* MonsterCompendiumTests.swift */; };
		C1BC0E9E29847A85002F517C /* MonsterCompendiumUITests.swift in Sources */ = {isa = PBXBuildFile; fileRef = C1BC0E9D29847A85002F517C /* MonsterCompendiumUITests.swift */; };
		C1BC0EA029847A85002F517C /* MonsterCompendiumUITestsLaunchTests.swift in Sources */ = {isa = PBXBuildFile; fileRef = C1BC0E9F29847A85002F517C /* MonsterCompendiumUITestsLaunchTests.swift */; };
		C1D25EB22985DD3700F0EBF9 /* SDWebImageSwiftUI in Frameworks */ = {isa = PBXBuildFile; productRef = C1D25EB12985DD3700F0EBF9 /* SDWebImageSwiftUI */; };
		C1D25EB429862B4E00F0EBF9 /* MonsterCardView.swift in Sources */ = {isa = PBXBuildFile; fileRef = C1D25EB329862B4E00F0EBF9 /* MonsterCardView.swift */; };
		C1D25EB829862DCC00F0EBF9 /* MonsterCompendiumViewModel.swift in Sources */ = {isa = PBXBuildFile; fileRef = C1D25EB729862DCC00F0EBF9 /* MonsterCompendiumViewModel.swift */; };
		C1D25EBD29862EB200F0EBF9 /* MonsterCompendiumScreenView.swift in Sources */ = {isa = PBXBuildFile; fileRef = C1D25EBC29862EB200F0EBF9 /* MonsterCompendiumScreenView.swift */; };
		C1D25EBF29862ED300F0EBF9 /* MonsterCompendiumView.swift in Sources */ = {isa = PBXBuildFile; fileRef = C1D25EBE29862ED300F0EBF9 /* MonsterCompendiumView.swift */; };
		C1FC49122986F13600C18252 /* MonsterCompendiumItemUiState.swift in Sources */ = {isa = PBXBuildFile; fileRef = C1FC49112986F13600C18252 /* MonsterCompendiumItemUiState.swift */; };
		C1FC49142986F15000C18252 /* MonsterUiState.swift in Sources */ = {isa = PBXBuildFile; fileRef = C1FC49132986F15000C18252 /* MonsterUiState.swift */; };
		C1FC491629870A2600C18252 /* MonsterCompendiumUiState.swift in Sources */ = {isa = PBXBuildFile; fileRef = C1FC491529870A2600C18252 /* MonsterCompendiumUiState.swift */; };
/* End PBXBuildFile section */

/* Begin PBXContainerItemProxy section */
		C1BC0E9029847A85002F517C /* PBXContainerItemProxy */ = {
			isa = PBXContainerItemProxy;
			containerPortal = C1BC0E7729847A83002F517C /* Project object */;
			proxyType = 1;
			remoteGlobalIDString = C1BC0E7E29847A84002F517C;
			remoteInfo = MonsterCompendium;
		};
		C1BC0E9A29847A85002F517C /* PBXContainerItemProxy */ = {
			isa = PBXContainerItemProxy;
			containerPortal = C1BC0E7729847A83002F517C /* Project object */;
			proxyType = 1;
			remoteGlobalIDString = C1BC0E7E29847A84002F517C;
			remoteInfo = MonsterCompendium;
		};
/* End PBXContainerItemProxy section */

/* Begin PBXFileReference section */
		C15BF14629B1017300F47375 /* MonsterDetailViewModel.swift */ = {isa = PBXFileReference; lastKnownFileType = sourcecode.swift; path = MonsterDetailViewModel.swift; sourceTree = "<group>"; };
		C15BF14829B1018100F47375 /* MonsterDetailUiState.swift */ = {isa = PBXFileReference; lastKnownFileType = sourcecode.swift; path = MonsterDetailUiState.swift; sourceTree = "<group>"; };
		C15BF14B29B1019C00F47375 /* MonsterDetailScreenView.swift */ = {isa = PBXFileReference; lastKnownFileType = sourcecode.swift; path = MonsterDetailScreenView.swift; sourceTree = "<group>"; };
		C15BF15129B1140500F47375 /* MonsterDetailItemUiState.swift */ = {isa = PBXFileReference; lastKnownFileType = sourcecode.swift; path = MonsterDetailItemUiState.swift; sourceTree = "<group>"; };
		C15BF15329B118D800F47375 /* MonsterDetailView.swift */ = {isa = PBXFileReference; lastKnownFileType = sourcecode.swift; path = MonsterDetailView.swift; sourceTree = "<group>"; };
		C15BF15529B3945800F47375 /* ScreenHeaderView.swift */ = {isa = PBXFileReference; lastKnownFileType = sourcecode.swift; path = ScreenHeaderView.swift; sourceTree = "<group>"; };
		C15BF15729B395CE00F47375 /* AppBarIconView.swift */ = {isa = PBXFileReference; lastKnownFileType = sourcecode.swift; path = AppBarIconView.swift; sourceTree = "<group>"; };
		C15BF15929B3976B00F47375 /* MonsterTitleView.swift */ = {isa = PBXFileReference; lastKnownFileType = sourcecode.swift; path = MonsterTitleView.swift; sourceTree = "<group>"; };
		C19D519029B90B0E00712CD2 /* TableContentPopup.swift */ = {isa = PBXFileReference; lastKnownFileType = sourcecode.swift; path = TableContentPopup.swift; sourceTree = "<group>"; };
		C19D519229B90C1200712CD2 /* TableContentView.swift */ = {isa = PBXFileReference; lastKnownFileType = sourcecode.swift; path = TableContentView.swift; sourceTree = "<group>"; };
		C1BC0E7F29847A84002F517C /* MonsterCompendium.app */ = {isa = PBXFileReference; explicitFileType = wrapper.application; includeInIndex = 0; path = MonsterCompendium.app; sourceTree = BUILT_PRODUCTS_DIR; };
		C1BC0E8229847A84002F517C /* MonsterCompendiumApp.swift */ = {isa = PBXFileReference; lastKnownFileType = sourcecode.swift; path = MonsterCompendiumApp.swift; sourceTree = "<group>"; };
		C1BC0E8629847A85002F517C /* Assets.xcassets */ = {isa = PBXFileReference; lastKnownFileType = folder.assetcatalog; path = Assets.xcassets; sourceTree = "<group>"; };
		C1BC0E8929847A85002F517C /* Preview Assets.xcassets */ = {isa = PBXFileReference; lastKnownFileType = folder.assetcatalog; path = "Preview Assets.xcassets"; sourceTree = "<group>"; };
		C1BC0E8F29847A85002F517C /* MonsterCompendiumTests.xctest */ = {isa = PBXFileReference; explicitFileType = wrapper.cfbundle; includeInIndex = 0; path = MonsterCompendiumTests.xctest; sourceTree = BUILT_PRODUCTS_DIR; };
		C1BC0E9329847A85002F517C /* MonsterCompendiumTests.swift */ = {isa = PBXFileReference; lastKnownFileType = sourcecode.swift; path = MonsterCompendiumTests.swift; sourceTree = "<group>"; };
		C1BC0E9929847A85002F517C /* MonsterCompendiumUITests.xctest */ = {isa = PBXFileReference; explicitFileType = wrapper.cfbundle; includeInIndex = 0; path = MonsterCompendiumUITests.xctest; sourceTree = BUILT_PRODUCTS_DIR; };
		C1BC0E9D29847A85002F517C /* MonsterCompendiumUITests.swift */ = {isa = PBXFileReference; lastKnownFileType = sourcecode.swift; path = MonsterCompendiumUITests.swift; sourceTree = "<group>"; };
		C1BC0E9F29847A85002F517C /* MonsterCompendiumUITestsLaunchTests.swift */ = {isa = PBXFileReference; lastKnownFileType = sourcecode.swift; path = MonsterCompendiumUITestsLaunchTests.swift; sourceTree = "<group>"; };
		C1D25EB329862B4E00F0EBF9 /* MonsterCardView.swift */ = {isa = PBXFileReference; lastKnownFileType = sourcecode.swift; path = MonsterCardView.swift; sourceTree = "<group>"; };
		C1D25EB729862DCC00F0EBF9 /* MonsterCompendiumViewModel.swift */ = {isa = PBXFileReference; lastKnownFileType = sourcecode.swift; path = MonsterCompendiumViewModel.swift; sourceTree = "<group>"; };
		C1D25EBC29862EB200F0EBF9 /* MonsterCompendiumScreenView.swift */ = {isa = PBXFileReference; lastKnownFileType = sourcecode.swift; path = MonsterCompendiumScreenView.swift; sourceTree = "<group>"; };
		C1D25EBE29862ED300F0EBF9 /* MonsterCompendiumView.swift */ = {isa = PBXFileReference; lastKnownFileType = sourcecode.swift; path = MonsterCompendiumView.swift; sourceTree = "<group>"; };
		C1FC49112986F13600C18252 /* MonsterCompendiumItemUiState.swift */ = {isa = PBXFileReference; lastKnownFileType = sourcecode.swift; path = MonsterCompendiumItemUiState.swift; sourceTree = "<group>"; };
		C1FC49132986F15000C18252 /* MonsterUiState.swift */ = {isa = PBXFileReference; lastKnownFileType = sourcecode.swift; path = MonsterUiState.swift; sourceTree = "<group>"; };
		C1FC491529870A2600C18252 /* MonsterCompendiumUiState.swift */ = {isa = PBXFileReference; lastKnownFileType = sourcecode.swift; path = MonsterCompendiumUiState.swift; sourceTree = "<group>"; };
/* End PBXFileReference section */

/* Begin PBXFrameworksBuildPhase section */
		C1BC0E7C29847A84002F517C /* Frameworks */ = {
			isa = PBXFrameworksBuildPhase;
			buildActionMask = 2147483647;
			files = (
				C1D25EB22985DD3700F0EBF9 /* SDWebImageSwiftUI in Frameworks */,
			);
			runOnlyForDeploymentPostprocessing = 0;
		};
		C1BC0E8C29847A85002F517C /* Frameworks */ = {
			isa = PBXFrameworksBuildPhase;
			buildActionMask = 2147483647;
			files = (
			);
			runOnlyForDeploymentPostprocessing = 0;
		};
		C1BC0E9629847A85002F517C /* Frameworks */ = {
			isa = PBXFrameworksBuildPhase;
			buildActionMask = 2147483647;
			files = (
			);
			runOnlyForDeploymentPostprocessing = 0;
		};
/* End PBXFrameworksBuildPhase section */

/* Begin PBXGroup section */
		C15BF14529B1014D00F47375 /* MonsterDetail */ = {
			isa = PBXGroup;
			children = (
				C15BF14A29B1018C00F47375 /* UI */,
				C15BF14629B1017300F47375 /* MonsterDetailViewModel.swift */,
				C15BF14829B1018100F47375 /* MonsterDetailUiState.swift */,
			);
			path = MonsterDetail;
			sourceTree = "<group>";
		};
		C15BF14A29B1018C00F47375 /* UI */ = {
			isa = PBXGroup;
			children = (
				C15BF14B29B1019C00F47375 /* MonsterDetailScreenView.swift */,
				C15BF15129B1140500F47375 /* MonsterDetailItemUiState.swift */,
				C15BF15329B118D800F47375 /* MonsterDetailView.swift */,
				C15BF15929B3976B00F47375 /* MonsterTitleView.swift */,
			);
			path = UI;
			sourceTree = "<group>";
		};
		C1BC0E7629847A83002F517C = {
			isa = PBXGroup;
			children = (
				C1BC0E8129847A84002F517C /* MonsterCompendium */,
				C1BC0E9229847A85002F517C /* MonsterCompendiumTests */,
				C1BC0E9C29847A85002F517C /* MonsterCompendiumUITests */,
				C1BC0E8029847A84002F517C /* Products */,
			);
			sourceTree = "<group>";
		};
		C1BC0E8029847A84002F517C /* Products */ = {
			isa = PBXGroup;
			children = (
				C1BC0E7F29847A84002F517C /* MonsterCompendium.app */,
				C1BC0E8F29847A85002F517C /* MonsterCompendiumTests.xctest */,
				C1BC0E9929847A85002F517C /* MonsterCompendiumUITests.xctest */,
			);
			name = Products;
			sourceTree = "<group>";
		};
		C1BC0E8129847A84002F517C /* MonsterCompendium */ = {
			isa = PBXGroup;
			children = (
				C1D25EB529862D7700F0EBF9 /* Feature */,
				C1D25EAD2985DCE600F0EBF9 /* UI */,
				C1BC0E8229847A84002F517C /* MonsterCompendiumApp.swift */,
				C1BC0E8629847A85002F517C /* Assets.xcassets */,
				C1BC0E8829847A85002F517C /* Preview Content */,
			);
			path = MonsterCompendium;
			sourceTree = "<group>";
		};
		C1BC0E8829847A85002F517C /* Preview Content */ = {
			isa = PBXGroup;
			children = (
				C1BC0E8929847A85002F517C /* Preview Assets.xcassets */,
			);
			path = "Preview Content";
			sourceTree = "<group>";
		};
		C1BC0E9229847A85002F517C /* MonsterCompendiumTests */ = {
			isa = PBXGroup;
			children = (
				C1BC0E9329847A85002F517C /* MonsterCompendiumTests.swift */,
			);
			path = MonsterCompendiumTests;
			sourceTree = "<group>";
		};
		C1BC0E9C29847A85002F517C /* MonsterCompendiumUITests */ = {
			isa = PBXGroup;
			children = (
				C1BC0E9D29847A85002F517C /* MonsterCompendiumUITests.swift */,
				C1BC0E9F29847A85002F517C /* MonsterCompendiumUITestsLaunchTests.swift */,
			);
			path = MonsterCompendiumUITests;
			sourceTree = "<group>";
		};
		C1D25EAD2985DCE600F0EBF9 /* UI */ = {
			isa = PBXGroup;
			children = (
				C1D25EB329862B4E00F0EBF9 /* MonsterCardView.swift */,
				C1FC49132986F15000C18252 /* MonsterUiState.swift */,
				C15BF15529B3945800F47375 /* ScreenHeaderView.swift */,
				C15BF15729B395CE00F47375 /* AppBarIconView.swift */,
			);
			path = UI;
			sourceTree = "<group>";
		};
		C1D25EB529862D7700F0EBF9 /* Feature */ = {
			isa = PBXGroup;
			children = (
				C15BF14529B1014D00F47375 /* MonsterDetail */,
				C1D25EB629862D9300F0EBF9 /* MonsterCompendium */,
			);
			path = Feature;
			sourceTree = "<group>";
		};
		C1D25EB629862D9300F0EBF9 /* MonsterCompendium */ = {
			isa = PBXGroup;
			children = (
				C1D25EB929862DEC00F0EBF9 /* UI */,
				C1D25EB729862DCC00F0EBF9 /* MonsterCompendiumViewModel.swift */,
				C1FC491529870A2600C18252 /* MonsterCompendiumUiState.swift */,
			);
			path = MonsterCompendium;
			sourceTree = "<group>";
		};
		C1D25EB929862DEC00F0EBF9 /* UI */ = {
			isa = PBXGroup;
			children = (
				C1D25EBC29862EB200F0EBF9 /* MonsterCompendiumScreenView.swift */,
				C1D25EBE29862ED300F0EBF9 /* MonsterCompendiumView.swift */,
				C1FC49112986F13600C18252 /* MonsterCompendiumItemUiState.swift */,
				C19D519029B90B0E00712CD2 /* TableContentPopup.swift */,
				C19D519229B90C1200712CD2 /* TableContentView.swift */,
			);
			path = UI;
			sourceTree = "<group>";
		};
/* End PBXGroup section */

/* Begin PBXNativeTarget section */
		C1BC0E7E29847A84002F517C /* MonsterCompendium */ = {
			isa = PBXNativeTarget;
			buildConfigurationList = C1BC0EA329847A85002F517C /* Build configuration list for PBXNativeTarget "MonsterCompendium" */;
			buildPhases = (
				C1BC0EAD29848147002F517C /* Run Script */,
				C1BC0E7B29847A84002F517C /* Sources */,
				C1BC0E7C29847A84002F517C /* Frameworks */,
				C1BC0E7D29847A84002F517C /* Resources */,
			);
			buildRules = (
			);
			dependencies = (
			);
			name = MonsterCompendium;
			packageProductDependencies = (
				C1D25EB12985DD3700F0EBF9 /* SDWebImageSwiftUI */,
			);
			productName = MonsterCompendium;
			productReference = C1BC0E7F29847A84002F517C /* MonsterCompendium.app */;
			productType = "com.apple.product-type.application";
		};
		C1BC0E8E29847A85002F517C /* MonsterCompendiumTests */ = {
			isa = PBXNativeTarget;
			buildConfigurationList = C1BC0EA629847A85002F517C /* Build configuration list for PBXNativeTarget "MonsterCompendiumTests" */;
			buildPhases = (
				C1BC0E8B29847A85002F517C /* Sources */,
				C1BC0E8C29847A85002F517C /* Frameworks */,
				C1BC0E8D29847A85002F517C /* Resources */,
			);
			buildRules = (
			);
			dependencies = (
				C1BC0E9129847A85002F517C /* PBXTargetDependency */,
			);
			name = MonsterCompendiumTests;
			productName = MonsterCompendiumTests;
			productReference = C1BC0E8F29847A85002F517C /* MonsterCompendiumTests.xctest */;
			productType = "com.apple.product-type.bundle.unit-test";
		};
		C1BC0E9829847A85002F517C /* MonsterCompendiumUITests */ = {
			isa = PBXNativeTarget;
			buildConfigurationList = C1BC0EA929847A85002F517C /* Build configuration list for PBXNativeTarget "MonsterCompendiumUITests" */;
			buildPhases = (
				C1BC0E9529847A85002F517C /* Sources */,
				C1BC0E9629847A85002F517C /* Frameworks */,
				C1BC0E9729847A85002F517C /* Resources */,
			);
			buildRules = (
			);
			dependencies = (
				C1BC0E9B29847A85002F517C /* PBXTargetDependency */,
			);
			name = MonsterCompendiumUITests;
			productName = MonsterCompendiumUITests;
			productReference = C1BC0E9929847A85002F517C /* MonsterCompendiumUITests.xctest */;
			productType = "com.apple.product-type.bundle.ui-testing";
		};
/* End PBXNativeTarget section */

/* Begin PBXProject section */
		C1BC0E7729847A83002F517C /* Project object */ = {
			isa = PBXProject;
			attributes = {
				BuildIndependentTargetsInParallel = 1;
				LastSwiftUpdateCheck = 1420;
				LastUpgradeCheck = 1420;
				TargetAttributes = {
					C1BC0E7E29847A84002F517C = {
						CreatedOnToolsVersion = 14.2;
					};
					C1BC0E8E29847A85002F517C = {
						CreatedOnToolsVersion = 14.2;
						TestTargetID = C1BC0E7E29847A84002F517C;
					};
					C1BC0E9829847A85002F517C = {
						CreatedOnToolsVersion = 14.2;
						TestTargetID = C1BC0E7E29847A84002F517C;
					};
				};
			};
			buildConfigurationList = C1BC0E7A29847A83002F517C /* Build configuration list for PBXProject "MonsterCompendium" */;
			compatibilityVersion = "Xcode 14.0";
			developmentRegion = en;
			hasScannedForEncodings = 0;
			knownRegions = (
				en,
				Base,
			);
			mainGroup = C1BC0E7629847A83002F517C;
			packageReferences = (
				C1D25EB02985DD3700F0EBF9 /* XCRemoteSwiftPackageReference "SDWebImageSwiftUI" */,
			);
			productRefGroup = C1BC0E8029847A84002F517C /* Products */;
			projectDirPath = "";
			projectRoot = "";
			targets = (
				C1BC0E7E29847A84002F517C /* MonsterCompendium */,
				C1BC0E8E29847A85002F517C /* MonsterCompendiumTests */,
				C1BC0E9829847A85002F517C /* MonsterCompendiumUITests */,
			);
		};
/* End PBXProject section */

/* Begin PBXResourcesBuildPhase section */
		C1BC0E7D29847A84002F517C /* Resources */ = {
			isa = PBXResourcesBuildPhase;
			buildActionMask = 2147483647;
			files = (
				C1BC0E8A29847A85002F517C /* Preview Assets.xcassets in Resources */,
				C1BC0E8729847A85002F517C /* Assets.xcassets in Resources */,
			);
			runOnlyForDeploymentPostprocessing = 0;
		};
		C1BC0E8D29847A85002F517C /* Resources */ = {
			isa = PBXResourcesBuildPhase;
			buildActionMask = 2147483647;
			files = (
			);
			runOnlyForDeploymentPostprocessing = 0;
		};
		C1BC0E9729847A85002F517C /* Resources */ = {
			isa = PBXResourcesBuildPhase;
			buildActionMask = 2147483647;
			files = (
			);
			runOnlyForDeploymentPostprocessing = 0;
		};
/* End PBXResourcesBuildPhase section */

/* Begin PBXShellScriptBuildPhase section */
		C1BC0EAD29848147002F517C /* Run Script */ = {
			isa = PBXShellScriptBuildPhase;
			alwaysOutOfDate = 1;
			buildActionMask = 2147483647;
			files = (
			);
			inputFileListPaths = (
			);
			inputPaths = (
			);
			name = "Run Script";
			outputFileListPaths = (
			);
			outputPaths = (
			);
			runOnlyForDeploymentPostprocessing = 0;
			shellPath = /bin/sh;
			shellScript = "cd \"$SRCROOT/..\"\n./gradlew :shared:embedAndSignAppleFrameworkForXcode\n";
		};
/* End PBXShellScriptBuildPhase section */

/* Begin PBXSourcesBuildPhase section */
		C1BC0E7B29847A84002F517C /* Sources */ = {
			isa = PBXSourcesBuildPhase;
			buildActionMask = 2147483647;
			files = (
				C1D25EB829862DCC00F0EBF9 /* MonsterCompendiumViewModel.swift in Sources */,
				C1FC491629870A2600C18252 /* MonsterCompendiumUiState.swift in Sources */,
				C1D25EB429862B4E00F0EBF9 /* MonsterCardView.swift in Sources */,
				C1FC49122986F13600C18252 /* MonsterCompendiumItemUiState.swift in Sources */,
				C15BF15229B1140500F47375 /* MonsterDetailItemUiState.swift in Sources */,
				C15BF15629B3945800F47375 /* ScreenHeaderView.swift in Sources */,
				C15BF15829B395CE00F47375 /* AppBarIconView.swift in Sources */,
				C15BF15A29B3976B00F47375 /* MonsterTitleView.swift in Sources */,
				C1D25EBF29862ED300F0EBF9 /* MonsterCompendiumView.swift in Sources */,
				C1D25EBD29862EB200F0EBF9 /* MonsterCompendiumScreenView.swift in Sources */,
				C19D519129B90B0E00712CD2 /* TableContentPopup.swift in Sources */,
				C15BF15429B118D800F47375 /* MonsterDetailView.swift in Sources */,
				C15BF14729B1017300F47375 /* MonsterDetailViewModel.swift in Sources */,
				C15BF14929B1018100F47375 /* MonsterDetailUiState.swift in Sources */,
				C15BF14C29B1019C00F47375 /* MonsterDetailScreenView.swift in Sources */,
				C1FC49142986F15000C18252 /* MonsterUiState.swift in Sources */,
				C1BC0E8329847A84002F517C /* MonsterCompendiumApp.swift in Sources */,
				C19D519329B90C1200712CD2 /* TableContentView.swift in Sources */,
			);
			runOnlyForDeploymentPostprocessing = 0;
		};
		C1BC0E8B29847A85002F517C /* Sources */ = {
			isa = PBXSourcesBuildPhase;
			buildActionMask = 2147483647;
			files = (
				C1BC0E9429847A85002F517C /* MonsterCompendiumTests.swift in Sources */,
			);
			runOnlyForDeploymentPostprocessing = 0;
		};
		C1BC0E9529847A85002F517C /* Sources */ = {
			isa = PBXSourcesBuildPhase;
			buildActionMask = 2147483647;
			files = (
				C1BC0EA029847A85002F517C /* MonsterCompendiumUITestsLaunchTests.swift in Sources */,
				C1BC0E9E29847A85002F517C /* MonsterCompendiumUITests.swift in Sources */,
			);
			runOnlyForDeploymentPostprocessing = 0;
		};
/* End PBXSourcesBuildPhase section */

/* Begin PBXTargetDependency section */
		C1BC0E9129847A85002F517C /* PBXTargetDependency */ = {
			isa = PBXTargetDependency;
			target = C1BC0E7E29847A84002F517C /* MonsterCompendium */;
			targetProxy = C1BC0E9029847A85002F517C /* PBXContainerItemProxy */;
		};
		C1BC0E9B29847A85002F517C /* PBXTargetDependency */ = {
			isa = PBXTargetDependency;
			target = C1BC0E7E29847A84002F517C /* MonsterCompendium */;
			targetProxy = C1BC0E9A29847A85002F517C /* PBXContainerItemProxy */;
		};
/* End PBXTargetDependency section */

/* Begin XCBuildConfiguration section */
		C1BC0EA129847A85002F517C /* Debug */ = {
			isa = XCBuildConfiguration;
			buildSettings = {
				ALWAYS_SEARCH_USER_PATHS = NO;
				CLANG_ANALYZER_NONNULL = YES;
				CLANG_ANALYZER_NUMBER_OBJECT_CONVERSION = YES_AGGRESSIVE;
				CLANG_CXX_LANGUAGE_STANDARD = "gnu++20";
				CLANG_ENABLE_MODULES = YES;
				CLANG_ENABLE_OBJC_ARC = YES;
				CLANG_ENABLE_OBJC_WEAK = YES;
				CLANG_WARN_BLOCK_CAPTURE_AUTORELEASING = YES;
				CLANG_WARN_BOOL_CONVERSION = YES;
				CLANG_WARN_COMMA = YES;
				CLANG_WARN_CONSTANT_CONVERSION = YES;
				CLANG_WARN_DEPRECATED_OBJC_IMPLEMENTATIONS = YES;
				CLANG_WARN_DIRECT_OBJC_ISA_USAGE = YES_ERROR;
				CLANG_WARN_DOCUMENTATION_COMMENTS = YES;
				CLANG_WARN_EMPTY_BODY = YES;
				CLANG_WARN_ENUM_CONVERSION = YES;
				CLANG_WARN_INFINITE_RECURSION = YES;
				CLANG_WARN_INT_CONVERSION = YES;
				CLANG_WARN_NON_LITERAL_NULL_CONVERSION = YES;
				CLANG_WARN_OBJC_IMPLICIT_RETAIN_SELF = YES;
				CLANG_WARN_OBJC_LITERAL_CONVERSION = YES;
				CLANG_WARN_OBJC_ROOT_CLASS = YES_ERROR;
				CLANG_WARN_QUOTED_INCLUDE_IN_FRAMEWORK_HEADER = YES;
				CLANG_WARN_RANGE_LOOP_ANALYSIS = YES;
				CLANG_WARN_STRICT_PROTOTYPES = YES;
				CLANG_WARN_SUSPICIOUS_MOVE = YES;
				CLANG_WARN_UNGUARDED_AVAILABILITY = YES_AGGRESSIVE;
				CLANG_WARN_UNREACHABLE_CODE = YES;
				CLANG_WARN__DUPLICATE_METHOD_MATCH = YES;
				COPY_PHASE_STRIP = NO;
				DEBUG_INFORMATION_FORMAT = dwarf;
				ENABLE_STRICT_OBJC_MSGSEND = YES;
				ENABLE_TESTABILITY = YES;
				GCC_C_LANGUAGE_STANDARD = gnu11;
				GCC_DYNAMIC_NO_PIC = NO;
				GCC_NO_COMMON_BLOCKS = YES;
				GCC_OPTIMIZATION_LEVEL = 0;
				GCC_PREPROCESSOR_DEFINITIONS = (
					"DEBUG=1",
					"$(inherited)",
				);
				GCC_WARN_64_TO_32_BIT_CONVERSION = YES;
				GCC_WARN_ABOUT_RETURN_TYPE = YES_ERROR;
				GCC_WARN_UNDECLARED_SELECTOR = YES;
				GCC_WARN_UNINITIALIZED_AUTOS = YES_AGGRESSIVE;
				GCC_WARN_UNUSED_FUNCTION = YES;
				GCC_WARN_UNUSED_VARIABLE = YES;
				IPHONEOS_DEPLOYMENT_TARGET = 16.2;
				MTL_ENABLE_DEBUG_INFO = INCLUDE_SOURCE;
				MTL_FAST_MATH = YES;
				ONLY_ACTIVE_ARCH = YES;
				SDKROOT = iphoneos;
				SWIFT_ACTIVE_COMPILATION_CONDITIONS = DEBUG;
				SWIFT_OPTIMIZATION_LEVEL = "-Onone";
			};
			name = Debug;
		};
		C1BC0EA229847A85002F517C /* Release */ = {
			isa = XCBuildConfiguration;
			buildSettings = {
				ALWAYS_SEARCH_USER_PATHS = NO;
				CLANG_ANALYZER_NONNULL = YES;
				CLANG_ANALYZER_NUMBER_OBJECT_CONVERSION = YES_AGGRESSIVE;
				CLANG_CXX_LANGUAGE_STANDARD = "gnu++20";
				CLANG_ENABLE_MODULES = YES;
				CLANG_ENABLE_OBJC_ARC = YES;
				CLANG_ENABLE_OBJC_WEAK = YES;
				CLANG_WARN_BLOCK_CAPTURE_AUTORELEASING = YES;
				CLANG_WARN_BOOL_CONVERSION = YES;
				CLANG_WARN_COMMA = YES;
				CLANG_WARN_CONSTANT_CONVERSION = YES;
				CLANG_WARN_DEPRECATED_OBJC_IMPLEMENTATIONS = YES;
				CLANG_WARN_DIRECT_OBJC_ISA_USAGE = YES_ERROR;
				CLANG_WARN_DOCUMENTATION_COMMENTS = YES;
				CLANG_WARN_EMPTY_BODY = YES;
				CLANG_WARN_ENUM_CONVERSION = YES;
				CLANG_WARN_INFINITE_RECURSION = YES;
				CLANG_WARN_INT_CONVERSION = YES;
				CLANG_WARN_NON_LITERAL_NULL_CONVERSION = YES;
				CLANG_WARN_OBJC_IMPLICIT_RETAIN_SELF = YES;
				CLANG_WARN_OBJC_LITERAL_CONVERSION = YES;
				CLANG_WARN_OBJC_ROOT_CLASS = YES_ERROR;
				CLANG_WARN_QUOTED_INCLUDE_IN_FRAMEWORK_HEADER = YES;
				CLANG_WARN_RANGE_LOOP_ANALYSIS = YES;
				CLANG_WARN_STRICT_PROTOTYPES = YES;
				CLANG_WARN_SUSPICIOUS_MOVE = YES;
				CLANG_WARN_UNGUARDED_AVAILABILITY = YES_AGGRESSIVE;
				CLANG_WARN_UNREACHABLE_CODE = YES;
				CLANG_WARN__DUPLICATE_METHOD_MATCH = YES;
				COPY_PHASE_STRIP = NO;
				DEBUG_INFORMATION_FORMAT = "dwarf-with-dsym";
				ENABLE_NS_ASSERTIONS = NO;
				ENABLE_STRICT_OBJC_MSGSEND = YES;
				GCC_C_LANGUAGE_STANDARD = gnu11;
				GCC_NO_COMMON_BLOCKS = YES;
				GCC_WARN_64_TO_32_BIT_CONVERSION = YES;
				GCC_WARN_ABOUT_RETURN_TYPE = YES_ERROR;
				GCC_WARN_UNDECLARED_SELECTOR = YES;
				GCC_WARN_UNINITIALIZED_AUTOS = YES_AGGRESSIVE;
				GCC_WARN_UNUSED_FUNCTION = YES;
				GCC_WARN_UNUSED_VARIABLE = YES;
				IPHONEOS_DEPLOYMENT_TARGET = 16.2;
				MTL_ENABLE_DEBUG_INFO = NO;
				MTL_FAST_MATH = YES;
				SDKROOT = iphoneos;
				SWIFT_COMPILATION_MODE = wholemodule;
				SWIFT_OPTIMIZATION_LEVEL = "-O";
				VALIDATE_PRODUCT = YES;
			};
			name = Release;
		};
		C1BC0EA429847A85002F517C /* Debug */ = {
			isa = XCBuildConfiguration;
			buildSettings = {
				ASSETCATALOG_COMPILER_APPICON_NAME = AppIcon;
				ASSETCATALOG_COMPILER_GLOBAL_ACCENT_COLOR_NAME = AccentColor;
				CODE_SIGN_STYLE = Automatic;
				CURRENT_PROJECT_VERSION = 1;
				DEVELOPMENT_ASSET_PATHS = "\"MonsterCompendium/Preview Content\"";
				ENABLE_PREVIEWS = YES;
				FRAMEWORK_SEARCH_PATHS = "$(SRCROOT)/../shared/build/xcode-frameworks/$(CONFIGURATION)/$(SDK_NAME)";
				GENERATE_INFOPLIST_FILE = YES;
				INFOPLIST_KEY_UIApplicationSceneManifest_Generation = YES;
				INFOPLIST_KEY_UIApplicationSupportsIndirectInputEvents = YES;
				INFOPLIST_KEY_UILaunchScreen_Generation = YES;
				INFOPLIST_KEY_UISupportedInterfaceOrientations_iPad = "UIInterfaceOrientationPortrait UIInterfaceOrientationPortraitUpsideDown UIInterfaceOrientationLandscapeLeft UIInterfaceOrientationLandscapeRight";
				INFOPLIST_KEY_UISupportedInterfaceOrientations_iPhone = "UIInterfaceOrientationPortrait UIInterfaceOrientationLandscapeLeft UIInterfaceOrientationLandscapeRight";
				LD_RUNPATH_SEARCH_PATHS = (
					"$(inherited)",
					"@executable_path/Frameworks",
				);
				MARKETING_VERSION = 1.0;
				OTHER_LDFLAGS = (
					"$(inherited)",
					"-framework",
					shared,
				);
				PRODUCT_BUNDLE_IDENTIFIER = br.alexandregpereira.MonsterCompendium;
				PRODUCT_NAME = "$(TARGET_NAME)";
				SWIFT_EMIT_LOC_STRINGS = YES;
				SWIFT_VERSION = 5.0;
				TARGETED_DEVICE_FAMILY = "1,2";
			};
			name = Debug;
		};
		C1BC0EA529847A85002F517C /* Release */ = {
			isa = XCBuildConfiguration;
			buildSettings = {
				ASSETCATALOG_COMPILER_APPICON_NAME = AppIcon;
				ASSETCATALOG_COMPILER_GLOBAL_ACCENT_COLOR_NAME = AccentColor;
				CODE_SIGN_STYLE = Automatic;
				CURRENT_PROJECT_VERSION = 1;
				DEVELOPMENT_ASSET_PATHS = "\"MonsterCompendium/Preview Content\"";
				ENABLE_PREVIEWS = YES;
				FRAMEWORK_SEARCH_PATHS = "$(SRCROOT)/../shared/build/xcode-frameworks/$(CONFIGURATION)/$(SDK_NAME)";
				GENERATE_INFOPLIST_FILE = YES;
				INFOPLIST_KEY_UIApplicationSceneManifest_Generation = YES;
				INFOPLIST_KEY_UIApplicationSupportsIndirectInputEvents = YES;
				INFOPLIST_KEY_UILaunchScreen_Generation = YES;
				INFOPLIST_KEY_UISupportedInterfaceOrientations_iPad = "UIInterfaceOrientationPortrait UIInterfaceOrientationPortraitUpsideDown UIInterfaceOrientationLandscapeLeft UIInterfaceOrientationLandscapeRight";
				INFOPLIST_KEY_UISupportedInterfaceOrientations_iPhone = "UIInterfaceOrientationPortrait UIInterfaceOrientationLandscapeLeft UIInterfaceOrientationLandscapeRight";
				LD_RUNPATH_SEARCH_PATHS = (
					"$(inherited)",
					"@executable_path/Frameworks",
				);
				MARKETING_VERSION = 1.0;
				OTHER_LDFLAGS = (
					"$(inherited)",
					"-framework",
					shared,
				);
				PRODUCT_BUNDLE_IDENTIFIER = br.alexandregpereira.MonsterCompendium;
				PRODUCT_NAME = "$(TARGET_NAME)";
				SWIFT_EMIT_LOC_STRINGS = YES;
				SWIFT_VERSION = 5.0;
				TARGETED_DEVICE_FAMILY = "1,2";
			};
			name = Release;
		};
		C1BC0EA729847A85002F517C /* Debug */ = {
			isa = XCBuildConfiguration;
			buildSettings = {
				ALWAYS_EMBED_SWIFT_STANDARD_LIBRARIES = YES;
				BUNDLE_LOADER = "$(TEST_HOST)";
				CODE_SIGN_STYLE = Automatic;
				CURRENT_PROJECT_VERSION = 1;
				GENERATE_INFOPLIST_FILE = YES;
				IPHONEOS_DEPLOYMENT_TARGET = 16.2;
				MARKETING_VERSION = 1.0;
				PRODUCT_BUNDLE_IDENTIFIER = br.alexandregpereira.MonsterCompendiumTests;
				PRODUCT_NAME = "$(TARGET_NAME)";
				SWIFT_EMIT_LOC_STRINGS = NO;
				SWIFT_VERSION = 5.0;
				TARGETED_DEVICE_FAMILY = "1,2";
				TEST_HOST = "$(BUILT_PRODUCTS_DIR)/MonsterCompendium.app/$(BUNDLE_EXECUTABLE_FOLDER_PATH)/MonsterCompendium";
			};
			name = Debug;
		};
		C1BC0EA829847A85002F517C /* Release */ = {
			isa = XCBuildConfiguration;
			buildSettings = {
				ALWAYS_EMBED_SWIFT_STANDARD_LIBRARIES = YES;
				BUNDLE_LOADER = "$(TEST_HOST)";
				CODE_SIGN_STYLE = Automatic;
				CURRENT_PROJECT_VERSION = 1;
				GENERATE_INFOPLIST_FILE = YES;
				IPHONEOS_DEPLOYMENT_TARGET = 16.2;
				MARKETING_VERSION = 1.0;
				PRODUCT_BUNDLE_IDENTIFIER = br.alexandregpereira.MonsterCompendiumTests;
				PRODUCT_NAME = "$(TARGET_NAME)";
				SWIFT_EMIT_LOC_STRINGS = NO;
				SWIFT_VERSION = 5.0;
				TARGETED_DEVICE_FAMILY = "1,2";
				TEST_HOST = "$(BUILT_PRODUCTS_DIR)/MonsterCompendium.app/$(BUNDLE_EXECUTABLE_FOLDER_PATH)/MonsterCompendium";
			};
			name = Release;
		};
		C1BC0EAA29847A85002F517C /* Debug */ = {
			isa = XCBuildConfiguration;
			buildSettings = {
				ALWAYS_EMBED_SWIFT_STANDARD_LIBRARIES = YES;
				CODE_SIGN_STYLE = Automatic;
				CURRENT_PROJECT_VERSION = 1;
				GENERATE_INFOPLIST_FILE = YES;
				MARKETING_VERSION = 1.0;
				PRODUCT_BUNDLE_IDENTIFIER = br.alexandregpereira.MonsterCompendiumUITests;
				PRODUCT_NAME = "$(TARGET_NAME)";
				SWIFT_EMIT_LOC_STRINGS = NO;
				SWIFT_VERSION = 5.0;
				TARGETED_DEVICE_FAMILY = "1,2";
				TEST_TARGET_NAME = MonsterCompendium;
			};
			name = Debug;
		};
		C1BC0EAB29847A85002F517C /* Release */ = {
			isa = XCBuildConfiguration;
			buildSettings = {
				ALWAYS_EMBED_SWIFT_STANDARD_LIBRARIES = YES;
				CODE_SIGN_STYLE = Automatic;
				CURRENT_PROJECT_VERSION = 1;
				GENERATE_INFOPLIST_FILE = YES;
				MARKETING_VERSION = 1.0;
				PRODUCT_BUNDLE_IDENTIFIER = br.alexandregpereira.MonsterCompendiumUITests;
				PRODUCT_NAME = "$(TARGET_NAME)";
				SWIFT_EMIT_LOC_STRINGS = NO;
				SWIFT_VERSION = 5.0;
				TARGETED_DEVICE_FAMILY = "1,2";
				TEST_TARGET_NAME = MonsterCompendium;
			};
			name = Release;
		};
/* End XCBuildConfiguration section */

/* Begin XCConfigurationList section */
		C1BC0E7A29847A83002F517C /* Build configuration list for PBXProject "MonsterCompendium" */ = {
			isa = XCConfigurationList;
			buildConfigurations = (
				C1BC0EA129847A85002F517C /* Debug */,
				C1BC0EA229847A85002F517C /* Release */,
			);
			defaultConfigurationIsVisible = 0;
			defaultConfigurationName = Release;
		};
		C1BC0EA329847A85002F517C /* Build configuration list for PBXNativeTarget "MonsterCompendium" */ = {
			isa = XCConfigurationList;
			buildConfigurations = (
				C1BC0EA429847A85002F517C /* Debug */,
				C1BC0EA529847A85002F517C /* Release */,
			);
			defaultConfigurationIsVisible = 0;
			defaultConfigurationName = Release;
		};
		C1BC0EA629847A85002F517C /* Build configuration list for PBXNativeTarget "MonsterCompendiumTests" */ = {
			isa = XCConfigurationList;
			buildConfigurations = (
				C1BC0EA729847A85002F517C /* Debug */,
				C1BC0EA829847A85002F517C /* Release */,
			);
			defaultConfigurationIsVisible = 0;
			defaultConfigurationName = Release;
		};
		C1BC0EA929847A85002F517C /* Build configuration list for PBXNativeTarget "MonsterCompendiumUITests" */ = {
			isa = XCConfigurationList;
			buildConfigurations = (
				C1BC0EAA29847A85002F517C /* Debug */,
				C1BC0EAB29847A85002F517C /* Release */,
			);
			defaultConfigurationIsVisible = 0;
			defaultConfigurationName = Release;
		};
/* End XCConfigurationList section */

/* Begin XCRemoteSwiftPackageReference section */
		C1D25EB02985DD3700F0EBF9 /* XCRemoteSwiftPackageReference "SDWebImageSwiftUI" */ = {
			isa = XCRemoteSwiftPackageReference;
			repositoryURL = "https://github.com/SDWebImage/SDWebImageSwiftUI";
			requirement = {
				kind = upToNextMajorVersion;
				minimumVersion = 2.0.0;
			};
		};
/* End XCRemoteSwiftPackageReference section */

/* Begin XCSwiftPackageProductDependency section */
		C1D25EB12985DD3700F0EBF9 /* SDWebImageSwiftUI */ = {
			isa = XCSwiftPackageProductDependency;
			package = C1D25EB02985DD3700F0EBF9 /* XCRemoteSwiftPackageReference "SDWebImageSwiftUI" */;
			productName = SDWebImageSwiftUI;
		};
/* End XCSwiftPackageProductDependency section */
	};
	rootObject = C1BC0E7729847A83002F517C /* Project object */;
}
